
Microsoft Visual Studio Solution File, Format Version 12.00
# Visual Studio Version 17
VisualStudioVersion = 17.0.31903.59
MinimumVisualStudioVersion = 10.0.40219.1
Project("{2150E333-8FDC-42A3-9474-1A3956D46DE8}") = "TokenService", "TokenService", "{13ED3FB0-3FC8-C55E-911F-710A0394F156}"
EndProject
Project("{FAE04EC0-301F-11D3-BF4B-00C04F79EFBC}") = "TokenService.Api", "TokenService\TokenService.Api\TokenService.Api.csproj", "{C688FE33-6D99-4B2A-B05C-14CEE974BF6C}"
EndProject
Project("{FAE04EC0-301F-11D3-BF4B-00C04F79EFBC}") = "TokenService.Application", "TokenService\TokenService.Application\TokenService.Application.csproj", "{3273D181-CF7A-4AE4-9813-62ED8728080C}"
EndProject
Project("{FAE04EC0-301F-11D3-BF4B-00C04F79EFBC}") = "TokenService.Core", "TokenService\TokenService.Core\TokenService.Core.csproj", "{81962BD2-1BE9-419C-AAD6-1DA4C5C81B04}"
EndProject
Project("{FAE04EC0-301F-11D3-BF4B-00C04F79EFBC}") = "TokenService.Infrastructure", "TokenService\TokenService.Infrastructure\TokenService.Infrastructure.csproj", "{B4727A1D-5DD3-4F62-99F7-2BA6114A2115}"
EndProject
Project("{FAE04EC0-301F-11D3-BF4B-00C04F79EFBC}") = "TokenService.Tests", "TokenService\TokenService.Tests\TokenService.Tests.csproj", "{C3CA2876-D125-44AA-A7E4-223B16DDC36F}"
EndProject
Project("{2150E333-8FDC-42A3-9474-1A3956D46DE8}") = "PhotoService", "PhotoService", "{02EA681E-C7D8-13C7-8484-4AC65E1B71E8}"
EndProject
Project("{FAE04EC0-301F-11D3-BF4B-00C04F79EFBC}") = "PhotoService.Api", "PhotoService\PhotoService.Api\PhotoService.Api.csproj", "{777850A5-6ADD-4FB5-9B71-C5DCEA24B022}"
EndProject
Project("{FAE04EC0-301F-11D3-BF4B-00C04F79EFBC}") = "PhotoService.Application", "PhotoService\PhotoService.Application\PhotoService.Application.csproj", "{6567FCB0-B8F5-42FA-92CF-9757D21EB6A9}"
EndProject
Project("{FAE04EC0-301F-11D3-BF4B-00C04F79EFBC}") = "PhotoService.Core", "PhotoService\PhotoService.Core\PhotoService.Core.csproj", "{A1165831-0F31-4E74-83DA-E5E172739A2B}"
EndProject
Project("{FAE04EC0-301F-11D3-BF4B-00C04F79EFBC}") = "PhotoService.Tests", "PhotoService\PhotoService.Tests\PhotoService.Tests.csproj", "{94DC369A-A4A9-4727-9495-D5099237E42C}"
EndProject
Project("{FAE04EC0-301F-11D3-BF4B-00C04F79EFBC}") = "PhotoService.Infrastructure", "PhotoService\PhotoService.Infrastructure\PhotoService.Infrastructure.csproj", "{72B4F34C-4AB4-4B45-994D-C6CCC11CE402}"
EndProject
Project("{2150E333-8FDC-42A3-9474-1A3956D46DE8}") = "UserDataService", "UserDataService", "{7002A299-DDF7-4773-9C87-00DAA25A0D69}"
EndProject
Project("{FAE04EC0-301F-11D3-BF4B-00C04F79EFBC}") = "UserDataService.Api", "UserDataService\UserDataService.Api\UserDataService.Api.csproj", "{BA44B3CD-EA75-4571-93EE-EB5E9DF3A63B}"
EndProject
Project("{FAE04EC0-301F-11D3-BF4B-00C04F79EFBC}") = "UserDataService.Application", "UserDataService\UserDataService.Application\UserDataService.Application.csproj", "{A0269AD4-E706-478F-84E9-34F4164AAA06}"
EndProject
Project("{FAE04EC0-301F-11D3-BF4B-00C04F79EFBC}") = "UserDataService.Core", "UserDataService\UserDataService.Core\UserDataService.Core.csproj", "{F75963E4-5533-4D8A-8D82-13635F816DA7}"
EndProject
Project("{FAE04EC0-301F-11D3-BF4B-00C04F79EFBC}") = "UserDataService.Infrastructure", "UserDataService\UserDataService.Infrastructure\UserDataService.Infrastructure.csproj", "{F51FCC72-2C3B-4A29-A183-DC2DDB07508D}"
EndProject
Project("{FAE04EC0-301F-11D3-BF4B-00C04F79EFBC}") = "UserDataService.Tests", "UserDataService\UserDataService.Tests\UserDataService.Tests.csproj", "{FCCDF33F-D497-4920-8DC3-6FD0A8B830E2}"
EndProject
Global
	GlobalSection(SolutionConfigurationPlatforms) = preSolution
		Debug|Any CPU = Debug|Any CPU
		Debug|x64 = Debug|x64
		Debug|x86 = Debug|x86
		Release|Any CPU = Release|Any CPU
		Release|x64 = Release|x64
		Release|x86 = Release|x86
	EndGlobalSection
	GlobalSection(ProjectConfigurationPlatforms) = postSolution
		{C688FE33-6D99-4B2A-B05C-14CEE974BF6C}.Debug|Any CPU.ActiveCfg = Debug|Any CPU
		{C688FE33-6D99-4B2A-B05C-14CEE974BF6C}.Debug|Any CPU.Build.0 = Debug|Any CPU
		{C688FE33-6D99-4B2A-B05C-14CEE974BF6C}.Debug|x64.ActiveCfg = Debug|Any CPU
		{C688FE33-6D99-4B2A-B05C-14CEE974BF6C}.Debug|x64.Build.0 = Debug|Any CPU
		{C688FE33-6D99-4B2A-B05C-14CEE974BF6C}.Debug|x86.ActiveCfg = Debug|Any CPU
		{C688FE33-6D99-4B2A-B05C-14CEE974BF6C}.Debug|x86.Build.0 = Debug|Any CPU
		{C688FE33-6D99-4B2A-B05C-14CEE974BF6C}.Release|Any CPU.ActiveCfg = Release|Any CPU
		{C688FE33-6D99-4B2A-B05C-14CEE974BF6C}.Release|Any CPU.Build.0 = Release|Any CPU
		{C688FE33-6D99-4B2A-B05C-14CEE974BF6C}.Release|x64.ActiveCfg = Release|Any CPU
		{C688FE33-6D99-4B2A-B05C-14CEE974BF6C}.Release|x64.Build.0 = Release|Any CPU
		{C688FE33-6D99-4B2A-B05C-14CEE974BF6C}.Release|x86.ActiveCfg = Release|Any CPU
		{C688FE33-6D99-4B2A-B05C-14CEE974BF6C}.Release|x86.Build.0 = Release|Any CPU
		{3273D181-CF7A-4AE4-9813-62ED8728080C}.Debug|Any CPU.ActiveCfg = Debug|Any CPU
		{3273D181-CF7A-4AE4-9813-62ED8728080C}.Debug|Any CPU.Build.0 = Debug|Any CPU
		{3273D181-CF7A-4AE4-9813-62ED8728080C}.Debug|x64.ActiveCfg = Debug|Any CPU
		{3273D181-CF7A-4AE4-9813-62ED8728080C}.Debug|x64.Build.0 = Debug|Any CPU
		{3273D181-CF7A-4AE4-9813-62ED8728080C}.Debug|x86.ActiveCfg = Debug|Any CPU
		{3273D181-CF7A-4AE4-9813-62ED8728080C}.Debug|x86.Build.0 = Debug|Any CPU
		{3273D181-CF7A-4AE4-9813-62ED8728080C}.Release|Any CPU.ActiveCfg = Release|Any CPU
		{3273D181-CF7A-4AE4-9813-62ED8728080C}.Release|Any CPU.Build.0 = Release|Any CPU
		{3273D181-CF7A-4AE4-9813-62ED8728080C}.Release|x64.ActiveCfg = Release|Any CPU
		{3273D181-CF7A-4AE4-9813-62ED8728080C}.Release|x64.Build.0 = Release|Any CPU
		{3273D181-CF7A-4AE4-9813-62ED8728080C}.Release|x86.ActiveCfg = Release|Any CPU
		{3273D181-CF7A-4AE4-9813-62ED8728080C}.Release|x86.Build.0 = Release|Any CPU
		{81962BD2-1BE9-419C-AAD6-1DA4C5C81B04}.Debug|Any CPU.ActiveCfg = Debug|Any CPU
		{81962BD2-1BE9-419C-AAD6-1DA4C5C81B04}.Debug|Any CPU.Build.0 = Debug|Any CPU
		{81962BD2-1BE9-419C-AAD6-1DA4C5C81B04}.Debug|x64.ActiveCfg = Debug|Any CPU
		{81962BD2-1BE9-419C-AAD6-1DA4C5C81B04}.Debug|x64.Build.0 = Debug|Any CPU
		{81962BD2-1BE9-419C-AAD6-1DA4C5C81B04}.Debug|x86.ActiveCfg = Debug|Any CPU
		{81962BD2-1BE9-419C-AAD6-1DA4C5C81B04}.Debug|x86.Build.0 = Debug|Any CPU
		{81962BD2-1BE9-419C-AAD6-1DA4C5C81B04}.Release|Any CPU.ActiveCfg = Release|Any CPU
		{81962BD2-1BE9-419C-AAD6-1DA4C5C81B04}.Release|Any CPU.Build.0 = Release|Any CPU
		{81962BD2-1BE9-419C-AAD6-1DA4C5C81B04}.Release|x64.ActiveCfg = Release|Any CPU
		{81962BD2-1BE9-419C-AAD6-1DA4C5C81B04}.Release|x64.Build.0 = Release|Any CPU
		{81962BD2-1BE9-419C-AAD6-1DA4C5C81B04}.Release|x86.ActiveCfg = Release|Any CPU
		{81962BD2-1BE9-419C-AAD6-1DA4C5C81B04}.Release|x86.Build.0 = Release|Any CPU
		{B4727A1D-5DD3-4F62-99F7-2BA6114A2115}.Debug|Any CPU.ActiveCfg = Debug|Any CPU
		{B4727A1D-5DD3-4F62-99F7-2BA6114A2115}.Debug|Any CPU.Build.0 = Debug|Any CPU
		{B4727A1D-5DD3-4F62-99F7-2BA6114A2115}.Debug|x64.ActiveCfg = Debug|Any CPU
		{B4727A1D-5DD3-4F62-99F7-2BA6114A2115}.Debug|x64.Build.0 = Debug|Any CPU
		{B4727A1D-5DD3-4F62-99F7-2BA6114A2115}.Debug|x86.ActiveCfg = Debug|Any CPU
		{B4727A1D-5DD3-4F62-99F7-2BA6114A2115}.Debug|x86.Build.0 = Debug|Any CPU
		{B4727A1D-5DD3-4F62-99F7-2BA6114A2115}.Release|Any CPU.ActiveCfg = Release|Any CPU
		{B4727A1D-5DD3-4F62-99F7-2BA6114A2115}.Release|Any CPU.Build.0 = Release|Any CPU
		{B4727A1D-5DD3-4F62-99F7-2BA6114A2115}.Release|x64.ActiveCfg = Release|Any CPU
		{B4727A1D-5DD3-4F62-99F7-2BA6114A2115}.Release|x64.Build.0 = Release|Any CPU
		{B4727A1D-5DD3-4F62-99F7-2BA6114A2115}.Release|x86.ActiveCfg = Release|Any CPU
		{B4727A1D-5DD3-4F62-99F7-2BA6114A2115}.Release|x86.Build.0 = Release|Any CPU
		{C3CA2876-D125-44AA-A7E4-223B16DDC36F}.Debug|Any CPU.ActiveCfg = Debug|Any CPU
		{C3CA2876-D125-44AA-A7E4-223B16DDC36F}.Debug|Any CPU.Build.0 = Debug|Any CPU
		{C3CA2876-D125-44AA-A7E4-223B16DDC36F}.Debug|x64.ActiveCfg = Debug|Any CPU
		{C3CA2876-D125-44AA-A7E4-223B16DDC36F}.Debug|x64.Build.0 = Debug|Any CPU
		{C3CA2876-D125-44AA-A7E4-223B16DDC36F}.Debug|x86.ActiveCfg = Debug|Any CPU
		{C3CA2876-D125-44AA-A7E4-223B16DDC36F}.Debug|x86.Build.0 = Debug|Any CPU
		{C3CA2876-D125-44AA-A7E4-223B16DDC36F}.Release|Any CPU.ActiveCfg = Release|Any CPU
		{C3CA2876-D125-44AA-A7E4-223B16DDC36F}.Release|Any CPU.Build.0 = Release|Any CPU
		{C3CA2876-D125-44AA-A7E4-223B16DDC36F}.Release|x64.ActiveCfg = Release|Any CPU
		{C3CA2876-D125-44AA-A7E4-223B16DDC36F}.Release|x64.Build.0 = Release|Any CPU
		{C3CA2876-D125-44AA-A7E4-223B16DDC36F}.Release|x86.ActiveCfg = Release|Any CPU
		{C3CA2876-D125-44AA-A7E4-223B16DDC36F}.Release|x86.Build.0 = Release|Any CPU
		{777850A5-6ADD-4FB5-9B71-C5DCEA24B022}.Debug|Any CPU.ActiveCfg = Debug|Any CPU
		{777850A5-6ADD-4FB5-9B71-C5DCEA24B022}.Debug|Any CPU.Build.0 = Debug|Any CPU
		{777850A5-6ADD-4FB5-9B71-C5DCEA24B022}.Debug|x64.ActiveCfg = Debug|Any CPU
		{777850A5-6ADD-4FB5-9B71-C5DCEA24B022}.Debug|x64.Build.0 = Debug|Any CPU
		{777850A5-6ADD-4FB5-9B71-C5DCEA24B022}.Debug|x86.ActiveCfg = Debug|Any CPU
		{777850A5-6ADD-4FB5-9B71-C5DCEA24B022}.Debug|x86.Build.0 = Debug|Any CPU
		{777850A5-6ADD-4FB5-9B71-C5DCEA24B022}.Release|Any CPU.ActiveCfg = Release|Any CPU
		{777850A5-6ADD-4FB5-9B71-C5DCEA24B022}.Release|Any CPU.Build.0 = Release|Any CPU
		{777850A5-6ADD-4FB5-9B71-C5DCEA24B022}.Release|x64.ActiveCfg = Release|Any CPU
		{777850A5-6ADD-4FB5-9B71-C5DCEA24B022}.Release|x64.Build.0 = Release|Any CPU
		{777850A5-6ADD-4FB5-9B71-C5DCEA24B022}.Release|x86.ActiveCfg = Release|Any CPU
		{777850A5-6ADD-4FB5-9B71-C5DCEA24B022}.Release|x86.Build.0 = Release|Any CPU
		{6567FCB0-B8F5-42FA-92CF-9757D21EB6A9}.Debug|Any CPU.ActiveCfg = Debug|Any CPU
		{6567FCB0-B8F5-42FA-92CF-9757D21EB6A9}.Debug|Any CPU.Build.0 = Debug|Any CPU
		{6567FCB0-B8F5-42FA-92CF-9757D21EB6A9}.Debug|x64.ActiveCfg = Debug|Any CPU
		{6567FCB0-B8F5-42FA-92CF-9757D21EB6A9}.Debug|x64.Build.0 = Debug|Any CPU
		{6567FCB0-B8F5-42FA-92CF-9757D21EB6A9}.Debug|x86.ActiveCfg = Debug|Any CPU
		{6567FCB0-B8F5-42FA-92CF-9757D21EB6A9}.Debug|x86.Build.0 = Debug|Any CPU
		{6567FCB0-B8F5-42FA-92CF-9757D21EB6A9}.Release|Any CPU.ActiveCfg = Release|Any CPU
		{6567FCB0-B8F5-42FA-92CF-9757D21EB6A9}.Release|Any CPU.Build.0 = Release|Any CPU
		{6567FCB0-B8F5-42FA-92CF-9757D21EB6A9}.Release|x64.ActiveCfg = Release|Any CPU
		{6567FCB0-B8F5-42FA-92CF-9757D21EB6A9}.Release|x64.Build.0 = Release|Any CPU
		{6567FCB0-B8F5-42FA-92CF-9757D21EB6A9}.Release|x86.ActiveCfg = Release|Any CPU
		{6567FCB0-B8F5-42FA-92CF-9757D21EB6A9}.Release|x86.Build.0 = Release|Any CPU
		{A1165831-0F31-4E74-83DA-E5E172739A2B}.Debug|Any CPU.ActiveCfg = Debug|Any CPU
		{A1165831-0F31-4E74-83DA-E5E172739A2B}.Debug|Any CPU.Build.0 = Debug|Any CPU
		{A1165831-0F31-4E74-83DA-E5E172739A2B}.Debug|x64.ActiveCfg = Debug|Any CPU
		{A1165831-0F31-4E74-83DA-E5E172739A2B}.Debug|x64.Build.0 = Debug|Any CPU
		{A1165831-0F31-4E74-83DA-E5E172739A2B}.Debug|x86.ActiveCfg = Debug|Any CPU
		{A1165831-0F31-4E74-83DA-E5E172739A2B}.Debug|x86.Build.0 = Debug|Any CPU
		{A1165831-0F31-4E74-83DA-E5E172739A2B}.Release|Any CPU.ActiveCfg = Release|Any CPU
		{A1165831-0F31-4E74-83DA-E5E172739A2B}.Release|Any CPU.Build.0 = Release|Any CPU
		{A1165831-0F31-4E74-83DA-E5E172739A2B}.Release|x64.ActiveCfg = Release|Any CPU
		{A1165831-0F31-4E74-83DA-E5E172739A2B}.Release|x64.Build.0 = Release|Any CPU
		{A1165831-0F31-4E74-83DA-E5E172739A2B}.Release|x86.ActiveCfg = Release|Any CPU
		{A1165831-0F31-4E74-83DA-E5E172739A2B}.Release|x86.Build.0 = Release|Any CPU
		{94DC369A-A4A9-4727-9495-D5099237E42C}.Debug|Any CPU.ActiveCfg = Debug|Any CPU
		{94DC369A-A4A9-4727-9495-D5099237E42C}.Debug|Any CPU.Build.0 = Debug|Any CPU
		{94DC369A-A4A9-4727-9495-D5099237E42C}.Debug|x64.ActiveCfg = Debug|Any CPU
		{94DC369A-A4A9-4727-9495-D5099237E42C}.Debug|x64.Build.0 = Debug|Any CPU
		{94DC369A-A4A9-4727-9495-D5099237E42C}.Debug|x86.ActiveCfg = Debug|Any CPU
		{94DC369A-A4A9-4727-9495-D5099237E42C}.Debug|x86.Build.0 = Debug|Any CPU
		{94DC369A-A4A9-4727-9495-D5099237E42C}.Release|Any CPU.ActiveCfg = Release|Any CPU
		{94DC369A-A4A9-4727-9495-D5099237E42C}.Release|Any CPU.Build.0 = Release|Any CPU
		{94DC369A-A4A9-4727-9495-D5099237E42C}.Release|x64.ActiveCfg = Release|Any CPU
		{94DC369A-A4A9-4727-9495-D5099237E42C}.Release|x64.Build.0 = Release|Any CPU
		{94DC369A-A4A9-4727-9495-D5099237E42C}.Release|x86.ActiveCfg = Release|Any CPU
		{94DC369A-A4A9-4727-9495-D5099237E42C}.Release|x86.Build.0 = Release|Any CPU
		{72B4F34C-4AB4-4B45-994D-C6CCC11CE402}.Debug|Any CPU.ActiveCfg = Debug|Any CPU
		{72B4F34C-4AB4-4B45-994D-C6CCC11CE402}.Debug|Any CPU.Build.0 = Debug|Any CPU
		{72B4F34C-4AB4-4B45-994D-C6CCC11CE402}.Debug|x64.ActiveCfg = Debug|Any CPU
		{72B4F34C-4AB4-4B45-994D-C6CCC11CE402}.Debug|x64.Build.0 = Debug|Any CPU
		{72B4F34C-4AB4-4B45-994D-C6CCC11CE402}.Debug|x86.ActiveCfg = Debug|Any CPU
		{72B4F34C-4AB4-4B45-994D-C6CCC11CE402}.Debug|x86.Build.0 = Debug|Any CPU
		{72B4F34C-4AB4-4B45-994D-C6CCC11CE402}.Release|Any CPU.ActiveCfg = Release|Any CPU
		{72B4F34C-4AB4-4B45-994D-C6CCC11CE402}.Release|Any CPU.Build.0 = Release|Any CPU
		{72B4F34C-4AB4-4B45-994D-C6CCC11CE402}.Release|x64.ActiveCfg = Release|Any CPU
		{72B4F34C-4AB4-4B45-994D-C6CCC11CE402}.Release|x64.Build.0 = Release|Any CPU
		{72B4F34C-4AB4-4B45-994D-C6CCC11CE402}.Release|x86.ActiveCfg = Release|Any CPU
		{72B4F34C-4AB4-4B45-994D-C6CCC11CE402}.Release|x86.Build.0 = Release|Any CPU
		{BA44B3CD-EA75-4571-93EE-EB5E9DF3A63B}.Debug|Any CPU.ActiveCfg = Debug|Any CPU
		{BA44B3CD-EA75-4571-93EE-EB5E9DF3A63B}.Debug|Any CPU.Build.0 = Debug|Any CPU
		{BA44B3CD-EA75-4571-93EE-EB5E9DF3A63B}.Debug|x64.ActiveCfg = Debug|Any CPU
		{BA44B3CD-EA75-4571-93EE-EB5E9DF3A63B}.Debug|x64.Build.0 = Debug|Any CPU
		{BA44B3CD-EA75-4571-93EE-EB5E9DF3A63B}.Debug|x86.ActiveCfg = Debug|Any CPU
		{BA44B3CD-EA75-4571-93EE-EB5E9DF3A63B}.Debug|x86.Build.0 = Debug|Any CPU
		{BA44B3CD-EA75-4571-93EE-EB5E9DF3A63B}.Release|Any CPU.ActiveCfg = Release|Any CPU
		{BA44B3CD-EA75-4571-93EE-EB5E9DF3A63B}.Release|Any CPU.Build.0 = Release|Any CPU
		{BA44B3CD-EA75-4571-93EE-EB5E9DF3A63B}.Release|x64.ActiveCfg = Release|Any CPU
		{BA44B3CD-EA75-4571-93EE-EB5E9DF3A63B}.Release|x64.Build.0 = Release|Any CPU
		{BA44B3CD-EA75-4571-93EE-EB5E9DF3A63B}.Release|x86.ActiveCfg = Release|Any CPU
		{BA44B3CD-EA75-4571-93EE-EB5E9DF3A63B}.Release|x86.Build.0 = Release|Any CPU
		{A0269AD4-E706-478F-84E9-34F4164AAA06}.Debug|Any CPU.ActiveCfg = Debug|Any CPU
		{A0269AD4-E706-478F-84E9-34F4164AAA06}.Debug|Any CPU.Build.0 = Debug|Any CPU
		{A0269AD4-E706-478F-84E9-34F4164AAA06}.Debug|x64.ActiveCfg = Debug|Any CPU
		{A0269AD4-E706-478F-84E9-34F4164AAA06}.Debug|x64.Build.0 = Debug|Any CPU
		{A0269AD4-E706-478F-84E9-34F4164AAA06}.Debug|x86.ActiveCfg = Debug|Any CPU
		{A0269AD4-E706-478F-84E9-34F4164AAA06}.Debug|x86.Build.0 = Debug|Any CPU
		{A0269AD4-E706-478F-84E9-34F4164AAA06}.Release|Any CPU.ActiveCfg = Release|Any CPU
		{A0269AD4-E706-478F-84E9-34F4164AAA06}.Release|Any CPU.Build.0 = Release|Any CPU
		{A0269AD4-E706-478F-84E9-34F4164AAA06}.Release|x64.ActiveCfg = Release|Any CPU
		{A0269AD4-E706-478F-84E9-34F4164AAA06}.Release|x64.Build.0 = Release|Any CPU
		{A0269AD4-E706-478F-84E9-34F4164AAA06}.Release|x86.ActiveCfg = Release|Any CPU
		{A0269AD4-E706-478F-84E9-34F4164AAA06}.Release|x86.Build.0 = Release|Any CPU
		{F75963E4-5533-4D8A-8D82-13635F816DA7}.Debug|Any CPU.ActiveCfg = Debug|Any CPU
		{F75963E4-5533-4D8A-8D82-13635F816DA7}.Debug|Any CPU.Build.0 = Debug|Any CPU
		{F75963E4-5533-4D8A-8D82-13635F816DA7}.Debug|x64.ActiveCfg = Debug|Any CPU
		{F75963E4-5533-4D8A-8D82-13635F816DA7}.Debug|x64.Build.0 = Debug|Any CPU
		{F75963E4-5533-4D8A-8D82-13635F816DA7}.Debug|x86.ActiveCfg = Debug|Any CPU
		{F75963E4-5533-4D8A-8D82-13635F816DA7}.Debug|x86.Build.0 = Debug|Any CPU
		{F75963E4-5533-4D8A-8D82-13635F816DA7}.Release|Any CPU.ActiveCfg = Release|Any CPU
		{F75963E4-5533-4D8A-8D82-13635F816DA7}.Release|Any CPU.Build.0 = Release|Any CPU
		{F75963E4-5533-4D8A-8D82-13635F816DA7}.Release|x64.ActiveCfg = Release|Any CPU
		{F75963E4-5533-4D8A-8D82-13635F816DA7}.Release|x64.Build.0 = Release|Any CPU
		{F75963E4-5533-4D8A-8D82-13635F816DA7}.Release|x86.ActiveCfg = Release|Any CPU
		{F75963E4-5533-4D8A-8D82-13635F816DA7}.Release|x86.Build.0 = Release|Any CPU
		{F51FCC72-2C3B-4A29-A183-DC2DDB07508D}.Debug|Any CPU.ActiveCfg = Debug|Any CPU
		{F51FCC72-2C3B-4A29-A183-DC2DDB07508D}.Debug|Any CPU.Build.0 = Debug|Any CPU
		{F51FCC72-2C3B-4A29-A183-DC2DDB07508D}.Debug|x64.ActiveCfg = Debug|Any CPU
		{F51FCC72-2C3B-4A29-A183-DC2DDB07508D}.Debug|x64.Build.0 = Debug|Any CPU
		{F51FCC72-2C3B-4A29-A183-DC2DDB07508D}.Debug|x86.ActiveCfg = Debug|Any CPU
		{F51FCC72-2C3B-4A29-A183-DC2DDB07508D}.Debug|x86.Build.0 = Debug|Any CPU
		{F51FCC72-2C3B-4A29-A183-DC2DDB07508D}.Release|Any CPU.ActiveCfg = Release|Any CPU
		{F51FCC72-2C3B-4A29-A183-DC2DDB07508D}.Release|Any CPU.Build.0 = Release|Any CPU
		{F51FCC72-2C3B-4A29-A183-DC2DDB07508D}.Release|x64.ActiveCfg = Release|Any CPU
		{F51FCC72-2C3B-4A29-A183-DC2DDB07508D}.Release|x64.Build.0 = Release|Any CPU
		{F51FCC72-2C3B-4A29-A183-DC2DDB07508D}.Release|x86.ActiveCfg = Release|Any CPU
		{F51FCC72-2C3B-4A29-A183-DC2DDB07508D}.Release|x86.Build.0 = Release|Any CPU
		{FCCDF33F-D497-4920-8DC3-6FD0A8B830E2}.Debug|Any CPU.ActiveCfg = Debug|Any CPU
		{FCCDF33F-D497-4920-8DC3-6FD0A8B830E2}.Debug|Any CPU.Build.0 = Debug|Any CPU
		{FCCDF33F-D497-4920-8DC3-6FD0A8B830E2}.Debug|x64.ActiveCfg = Debug|Any CPU
		{FCCDF33F-D497-4920-8DC3-6FD0A8B830E2}.Debug|x64.Build.0 = Debug|Any CPU
		{FCCDF33F-D497-4920-8DC3-6FD0A8B830E2}.Debug|x86.ActiveCfg = Debug|Any CPU
		{FCCDF33F-D497-4920-8DC3-6FD0A8B830E2}.Debug|x86.Build.0 = Debug|Any CPU
		{FCCDF33F-D497-4920-8DC3-6FD0A8B830E2}.Release|Any CPU.ActiveCfg = Release|Any CPU
		{FCCDF33F-D497-4920-8DC3-6FD0A8B830E2}.Release|Any CPU.Build.0 = Release|Any CPU
		{FCCDF33F-D497-4920-8DC3-6FD0A8B830E2}.Release|x64.ActiveCfg = Release|Any CPU
		{FCCDF33F-D497-4920-8DC3-6FD0A8B830E2}.Release|x64.Build.0 = Release|Any CPU
		{FCCDF33F-D497-4920-8DC3-6FD0A8B830E2}.Release|x86.ActiveCfg = Release|Any CPU
		{FCCDF33F-D497-4920-8DC3-6FD0A8B830E2}.Release|x86.Build.0 = Release|Any CPU
	EndGlobalSection
	GlobalSection(SolutionProperties) = preSolution
		HideSolutionNode = FALSE
	EndGlobalSection
	GlobalSection(NestedProjects) = preSolution
		{C688FE33-6D99-4B2A-B05C-14CEE974BF6C} = {13ED3FB0-3FC8-C55E-911F-710A0394F156}
		{3273D181-CF7A-4AE4-9813-62ED8728080C} = {13ED3FB0-3FC8-C55E-911F-710A0394F156}
		{81962BD2-1BE9-419C-AAD6-1DA4C5C81B04} = {13ED3FB0-3FC8-C55E-911F-710A0394F156}
		{B4727A1D-5DD3-4F62-99F7-2BA6114A2115} = {13ED3FB0-3FC8-C55E-911F-710A0394F156}
		{C3CA2876-D125-44AA-A7E4-223B16DDC36F} = {13ED3FB0-3FC8-C55E-911F-710A0394F156}
		{777850A5-6ADD-4FB5-9B71-C5DCEA24B022} = {02EA681E-C7D8-13C7-8484-4AC65E1B71E8}
		{6567FCB0-B8F5-42FA-92CF-9757D21EB6A9} = {02EA681E-C7D8-13C7-8484-4AC65E1B71E8}
		{A1165831-0F31-4E74-83DA-E5E172739A2B} = {02EA681E-C7D8-13C7-8484-4AC65E1B71E8}
		{94DC369A-A4A9-4727-9495-D5099237E42C} = {02EA681E-C7D8-13C7-8484-4AC65E1B71E8}
		{72B4F34C-4AB4-4B45-994D-C6CCC11CE402} = {02EA681E-C7D8-13C7-8484-4AC65E1B71E8}
		{BA44B3CD-EA75-4571-93EE-EB5E9DF3A63B} = {7002A299-DDF7-4773-9C87-00DAA25A0D69}
		{A0269AD4-E706-478F-84E9-34F4164AAA06} = {7002A299-DDF7-4773-9C87-00DAA25A0D69}
		{F75963E4-5533-4D8A-8D82-13635F816DA7} = {7002A299-DDF7-4773-9C87-00DAA25A0D69}
		{F51FCC72-2C3B-4A29-A183-DC2DDB07508D} = {7002A299-DDF7-4773-9C87-00DAA25A0D69}
		{FCCDF33F-D497-4920-8DC3-6FD0A8B830E2} = {7002A299-DDF7-4773-9C87-00DAA25A0D69}
	EndGlobalSection
	GlobalSection(ExtensibilityGlobals) = postSolution
		SolutionGuid = {17129909-EDBF-4633-B175-C3CB0585DEE2}
	EndGlobalSection
EndGlobal
